// !$*UTF8*$!
{
	archiveVersion = 1;
	classes = {
	};
	objectVersion = 46;
	objects = {

/* Begin PBXBuildFile section */
		2F1482BED785FA1233006232 /* Pods_UItableJSONSerialisation.framework in Frameworks */ = {isa = PBXBuildFile; fileRef = B3975FEFB8BE94124251C0F0 /* Pods_UItableJSONSerialisation.framework */; };
		5C4978D7BB891D43C090A152 /* Pods_UItableJSONSerialisationUITests.framework in Frameworks */ = {isa = PBXBuildFile; fileRef = A435CF22DF7505B4B3ED9C41 /* Pods_UItableJSONSerialisationUITests.framework */; };
		BE168E0E1E37BF6500BFF6D2 /* Json4Swift_Base.swift in Sources */ = {isa = PBXBuildFile; fileRef = BE168E0C1E37BF6500BFF6D2 /* Json4Swift_Base.swift */; };
		BE168E0F1E37BF6500BFF6D2 /* Search.swift in Sources */ = {isa = PBXBuildFile; fileRef = BE168E0D1E37BF6500BFF6D2 /* Search.swift */; };
		BE2D58171E39493B0028D8F2 /* MovieCell.swift in Sources */ = {isa = PBXBuildFile; fileRef = BE2D58151E39493B0028D8F2 /* MovieCell.swift */; };
		BE2D581A1E3949900028D8F2 /* MovieCell.xib in Resources */ = {isa = PBXBuildFile; fileRef = BE2D58191E3949900028D8F2 /* MovieCell.xib */; };
		BE2D581D1E39EA880028D8F2 /* MyCoolCustomCell.swift in Sources */ = {isa = PBXBuildFile; fileRef = BE2D581B1E39EA880028D8F2 /* MyCoolCustomCell.swift */; };
		BE2D581E1E39EA880028D8F2 /* MyCoolCustomCell.xib in Resources */ = {isa = PBXBuildFile; fileRef = BE2D581C1E39EA880028D8F2 /* MyCoolCustomCell.xib */; };
		BE339AEC1E312192002F29A2 /* AppDelegate.swift in Sources */ = {isa = PBXBuildFile; fileRef = BE339AEB1E312192002F29A2 /* AppDelegate.swift */; };
		BE339AF11E312193002F29A2 /* Main.storyboard in Resources */ = {isa = PBXBuildFile; fileRef = BE339AEF1E312193002F29A2 /* Main.storyboard */; };
		BE339AF31E312193002F29A2 /* Assets.xcassets in Resources */ = {isa = PBXBuildFile; fileRef = BE339AF21E312193002F29A2 /* Assets.xcassets */; };
		BE339AF61E312193002F29A2 /* LaunchScreen.storyboard in Resources */ = {isa = PBXBuildFile; fileRef = BE339AF41E312193002F29A2 /* LaunchScreen.storyboard */; };
		BE339B011E312193002F29A2 /* UItableJSONSerialisationTests.swift in Sources */ = {isa = PBXBuildFile; fileRef = BE339B001E312193002F29A2 /* UItableJSONSerialisationTests.swift */; };
		BE339B0C1E312193002F29A2 /* UItableJSONSerialisationUITests.swift in Sources */ = {isa = PBXBuildFile; fileRef = BE339B0B1E312193002F29A2 /* UItableJSONSerialisationUITests.swift */; };
		BE339B1A1E3121ED002F29A2 /* OMBDListTableViewController.swift in Sources */ = {isa = PBXBuildFile; fileRef = BE339B191E3121ED002F29A2 /* OMBDListTableViewController.swift */; };
		BECB993B1E33928500D600B9 /* OMDBSearchService.swift in Sources */ = {isa = PBXBuildFile; fileRef = BECB993A1E33928500D600B9 /* OMDBSearchService.swift */; };
		BECB993D1E3392C500D600B9 /* Enums.swift in Sources */ = {isa = PBXBuildFile; fileRef = BECB993C1E3392C500D600B9 /* Enums.swift */; };
		BECB993F1E33930900D600B9 /* OMDBConstants.swift in Sources */ = {isa = PBXBuildFile; fileRef = BECB993E1E33930900D600B9 /* OMDBConstants.swift */; };
		BECB99421E33939300D600B9 /* APIServiceManager.swift in Sources */ = {isa = PBXBuildFile; fileRef = BECB99401E33939300D600B9 /* APIServiceManager.swift */; };
		BECB99431E33939300D600B9 /* Manager.swift in Sources */ = {isa = PBXBuildFile; fileRef = BECB99411E33939300D600B9 /* Manager.swift */; };
		BECB99451E33939B00D600B9 /* RequestResult.swift in Sources */ = {isa = PBXBuildFile; fileRef = BECB99441E33939B00D600B9 /* RequestResult.swift */; };
		D5DE2F0451A733884F55FFE0 /* Pods_UItableJSONSerialisationTests.framework in Frameworks */ = {isa = PBXBuildFile; fileRef = 12C69BB438DF9ED7594888B3 /* Pods_UItableJSONSerialisationTests.framework */; };
/* End PBXBuildFile section */

/* Begin PBXContainerItemProxy section */
		BE339AFD1E312193002F29A2 /* PBXContainerItemProxy */ = {
			isa = PBXContainerItemProxy;
			containerPortal = BE339AE01E312192002F29A2 /* Project object */;
			proxyType = 1;
			remoteGlobalIDString = BE339AE71E312192002F29A2;
			remoteInfo = UItableJSONSerialisation;
		};
		BE339B081E312193002F29A2 /* PBXContainerItemProxy */ = {
			isa = PBXContainerItemProxy;
			containerPortal = BE339AE01E312192002F29A2 /* Project object */;
			proxyType = 1;
			remoteGlobalIDString = BE339AE71E312192002F29A2;
			remoteInfo = UItableJSONSerialisation;
		};
/* End PBXContainerItemProxy section */

/* Begin PBXFileReference section */
		00147CCF090FAEF60FB19B47 /* Pods-UItableJSONSerialisationTests.debug.xcconfig */ = {isa = PBXFileReference; includeInIndex = 1; lastKnownFileType = text.xcconfig; name = "Pods-UItableJSONSerialisationTests.debug.xcconfig"; path = "Pods/Target Support Files/Pods-UItableJSONSerialisationTests/Pods-UItableJSONSerialisationTests.debug.xcconfig"; sourceTree = "<group>"; };
		12C69BB438DF9ED7594888B3 /* Pods_UItableJSONSerialisationTests.framework */ = {isa = PBXFileReference; explicitFileType = wrapper.framework; includeInIndex = 0; path = Pods_UItableJSONSerialisationTests.framework; sourceTree = BUILT_PRODUCTS_DIR; };
		5970FEE2E8AC342F0E7E38E6 /* Pods-UItableJSONSerialisationUITests.release.xcconfig */ = {isa = PBXFileReference; includeInIndex = 1; lastKnownFileType = text.xcconfig; name = "Pods-UItableJSONSerialisationUITests.release.xcconfig"; path = "Pods/Target Support Files/Pods-UItableJSONSerialisationUITests/Pods-UItableJSONSerialisationUITests.release.xcconfig"; sourceTree = "<group>"; };
		637FA6F181B21891D98F4F54 /* Pods-UItableJSONSerialisation.debug.xcconfig */ = {isa = PBXFileReference; includeInIndex = 1; lastKnownFileType = text.xcconfig; name = "Pods-UItableJSONSerialisation.debug.xcconfig"; path = "Pods/Target Support Files/Pods-UItableJSONSerialisation/Pods-UItableJSONSerialisation.debug.xcconfig"; sourceTree = "<group>"; };
		A435CF22DF7505B4B3ED9C41 /* Pods_UItableJSONSerialisationUITests.framework */ = {isa = PBXFileReference; explicitFileType = wrapper.framework; includeInIndex = 0; path = Pods_UItableJSONSerialisationUITests.framework; sourceTree = BUILT_PRODUCTS_DIR; };
		A9B996C8F7FF5E0C72951DAE /* Pods-UItableJSONSerialisation.release.xcconfig */ = {isa = PBXFileReference; includeInIndex = 1; lastKnownFileType = text.xcconfig; name = "Pods-UItableJSONSerialisation.release.xcconfig"; path = "Pods/Target Support Files/Pods-UItableJSONSerialisation/Pods-UItableJSONSerialisation.release.xcconfig"; sourceTree = "<group>"; };
		AD443EE5D5C2600134498B21 /* Pods-UItableJSONSerialisationTests.release.xcconfig */ = {isa = PBXFileReference; includeInIndex = 1; lastKnownFileType = text.xcconfig; name = "Pods-UItableJSONSerialisationTests.release.xcconfig"; path = "Pods/Target Support Files/Pods-UItableJSONSerialisationTests/Pods-UItableJSONSerialisationTests.release.xcconfig"; sourceTree = "<group>"; };
		B3975FEFB8BE94124251C0F0 /* Pods_UItableJSONSerialisation.framework */ = {isa = PBXFileReference; explicitFileType = wrapper.framework; includeInIndex = 0; path = Pods_UItableJSONSerialisation.framework; sourceTree = BUILT_PRODUCTS_DIR; };
		BE168E0C1E37BF6500BFF6D2 /* Json4Swift_Base.swift */ = {isa = PBXFileReference; fileEncoding = 4; lastKnownFileType = sourcecode.swift; path = Json4Swift_Base.swift; sourceTree = "<group>"; };
		BE168E0D1E37BF6500BFF6D2 /* Search.swift */ = {isa = PBXFileReference; fileEncoding = 4; lastKnownFileType = sourcecode.swift; path = Search.swift; sourceTree = "<group>"; };
		BE2D58151E39493B0028D8F2 /* MovieCell.swift */ = {isa = PBXFileReference; fileEncoding = 4; lastKnownFileType = sourcecode.swift; path = MovieCell.swift; sourceTree = "<group>"; };
		BE2D58191E3949900028D8F2 /* MovieCell.xib */ = {isa = PBXFileReference; fileEncoding = 4; lastKnownFileType = file.xib; path = MovieCell.xib; sourceTree = "<group>"; };
		BE2D581B1E39EA880028D8F2 /* MyCoolCustomCell.swift */ = {isa = PBXFileReference; fileEncoding = 4; lastKnownFileType = sourcecode.swift; path = MyCoolCustomCell.swift; sourceTree = "<group>"; };
		BE2D581C1E39EA880028D8F2 /* MyCoolCustomCell.xib */ = {isa = PBXFileReference; fileEncoding = 4; lastKnownFileType = file.xib; path = MyCoolCustomCell.xib; sourceTree = "<group>"; };
		BE339AE81E312192002F29A2 /* UItableJSONSerialisation.app */ = {isa = PBXFileReference; explicitFileType = wrapper.application; includeInIndex = 0; path = UItableJSONSerialisation.app; sourceTree = BUILT_PRODUCTS_DIR; };
		BE339AEB1E312192002F29A2 /* AppDelegate.swift */ = {isa = PBXFileReference; lastKnownFileType = sourcecode.swift; path = AppDelegate.swift; sourceTree = "<group>"; };
		BE339AF01E312193002F29A2 /* Base */ = {isa = PBXFileReference; lastKnownFileType = file.storyboard; name = Base; path = Base.lproj/Main.storyboard; sourceTree = "<group>"; };
		BE339AF21E312193002F29A2 /* Assets.xcassets */ = {isa = PBXFileReference; lastKnownFileType = folder.assetcatalog; path = Assets.xcassets; sourceTree = "<group>"; };
		BE339AF51E312193002F29A2 /* Base */ = {isa = PBXFileReference; lastKnownFileType = file.storyboard; name = Base; path = Base.lproj/LaunchScreen.storyboard; sourceTree = "<group>"; };
		BE339AF71E312193002F29A2 /* Info.plist */ = {isa = PBXFileReference; lastKnownFileType = text.plist.xml; path = Info.plist; sourceTree = "<group>"; };
		BE339AFC1E312193002F29A2 /* UItableJSONSerialisationTests.xctest */ = {isa = PBXFileReference; explicitFileType = wrapper.cfbundle; includeInIndex = 0; path = UItableJSONSerialisationTests.xctest; sourceTree = BUILT_PRODUCTS_DIR; };
		BE339B001E312193002F29A2 /* UItableJSONSerialisationTests.swift */ = {isa = PBXFileReference; lastKnownFileType = sourcecode.swift; path = UItableJSONSerialisationTests.swift; sourceTree = "<group>"; };
		BE339B021E312193002F29A2 /* Info.plist */ = {isa = PBXFileReference; lastKnownFileType = text.plist.xml; path = Info.plist; sourceTree = "<group>"; };
		BE339B071E312193002F29A2 /* UItableJSONSerialisationUITests.xctest */ = {isa = PBXFileReference; explicitFileType = wrapper.cfbundle; includeInIndex = 0; path = UItableJSONSerialisationUITests.xctest; sourceTree = BUILT_PRODUCTS_DIR; };
		BE339B0B1E312193002F29A2 /* UItableJSONSerialisationUITests.swift */ = {isa = PBXFileReference; lastKnownFileType = sourcecode.swift; path = UItableJSONSerialisationUITests.swift; sourceTree = "<group>"; };
		BE339B0D1E312193002F29A2 /* Info.plist */ = {isa = PBXFileReference; lastKnownFileType = text.plist.xml; path = Info.plist; sourceTree = "<group>"; };
		BE339B191E3121ED002F29A2 /* OMBDListTableViewController.swift */ = {isa = PBXFileReference; fileEncoding = 4; lastKnownFileType = sourcecode.swift; path = OMBDListTableViewController.swift; sourceTree = "<group>"; };
		BECB993A1E33928500D600B9 /* OMDBSearchService.swift */ = {isa = PBXFileReference; fileEncoding = 4; lastKnownFileType = sourcecode.swift; path = OMDBSearchService.swift; sourceTree = "<group>"; };
		BECB993C1E3392C500D600B9 /* Enums.swift */ = {isa = PBXFileReference; fileEncoding = 4; lastKnownFileType = sourcecode.swift; path = Enums.swift; sourceTree = "<group>"; };
		BECB993E1E33930900D600B9 /* OMDBConstants.swift */ = {isa = PBXFileReference; fileEncoding = 4; lastKnownFileType = sourcecode.swift; path = OMDBConstants.swift; sourceTree = "<group>"; };
		BECB99401E33939300D600B9 /* APIServiceManager.swift */ = {isa = PBXFileReference; fileEncoding = 4; lastKnownFileType = sourcecode.swift; path = APIServiceManager.swift; sourceTree = "<group>"; };
		BECB99411E33939300D600B9 /* Manager.swift */ = {isa = PBXFileReference; fileEncoding = 4; lastKnownFileType = sourcecode.swift; path = Manager.swift; sourceTree = "<group>"; };
		BECB99441E33939B00D600B9 /* RequestResult.swift */ = {isa = PBXFileReference; fileEncoding = 4; lastKnownFileType = sourcecode.swift; path = RequestResult.swift; sourceTree = "<group>"; };
		DD8308FDBB4ADA4ACD07274C /* Pods-UItableJSONSerialisationUITests.debug.xcconfig */ = {isa = PBXFileReference; includeInIndex = 1; lastKnownFileType = text.xcconfig; name = "Pods-UItableJSONSerialisationUITests.debug.xcconfig"; path = "Pods/Target Support Files/Pods-UItableJSONSerialisationUITests/Pods-UItableJSONSerialisationUITests.debug.xcconfig"; sourceTree = "<group>"; };
/* End PBXFileReference section */

/* Begin PBXFrameworksBuildPhase section */
		BE339AE51E312192002F29A2 /* Frameworks */ = {
			isa = PBXFrameworksBuildPhase;
			buildActionMask = 2147483647;
			files = (
				2F1482BED785FA1233006232 /* Pods_UItableJSONSerialisation.framework in Frameworks */,
			);
			runOnlyForDeploymentPostprocessing = 0;
		};
		BE339AF91E312193002F29A2 /* Frameworks */ = {
			isa = PBXFrameworksBuildPhase;
			buildActionMask = 2147483647;
			files = (
				D5DE2F0451A733884F55FFE0 /* Pods_UItableJSONSerialisationTests.framework in Frameworks */,
			);
			runOnlyForDeploymentPostprocessing = 0;
		};
		BE339B041E312193002F29A2 /* Frameworks */ = {
			isa = PBXFrameworksBuildPhase;
			buildActionMask = 2147483647;
			files = (
				5C4978D7BB891D43C090A152 /* Pods_UItableJSONSerialisationUITests.framework in Frameworks */,
			);
			runOnlyForDeploymentPostprocessing = 0;
		};
/* End PBXFrameworksBuildPhase section */

/* Begin PBXGroup section */
		5A91F17572A61C1F438E6DCC /* Frameworks */ = {
			isa = PBXGroup;
			children = (
				B3975FEFB8BE94124251C0F0 /* Pods_UItableJSONSerialisation.framework */,
				12C69BB438DF9ED7594888B3 /* Pods_UItableJSONSerialisationTests.framework */,
				A435CF22DF7505B4B3ED9C41 /* Pods_UItableJSONSerialisationUITests.framework */,
			);
			name = Frameworks;
			sourceTree = "<group>";
		};
		6DC657ED2F4577E744DB1B79 /* Pods */ = {
			isa = PBXGroup;
			children = (
				637FA6F181B21891D98F4F54 /* Pods-UItableJSONSerialisation.debug.xcconfig */,
				A9B996C8F7FF5E0C72951DAE /* Pods-UItableJSONSerialisation.release.xcconfig */,
				00147CCF090FAEF60FB19B47 /* Pods-UItableJSONSerialisationTests.debug.xcconfig */,
				AD443EE5D5C2600134498B21 /* Pods-UItableJSONSerialisationTests.release.xcconfig */,
				DD8308FDBB4ADA4ACD07274C /* Pods-UItableJSONSerialisationUITests.debug.xcconfig */,
				5970FEE2E8AC342F0E7E38E6 /* Pods-UItableJSONSerialisationUITests.release.xcconfig */,
			);
			name = Pods;
			sourceTree = "<group>";
		};
		BE2D58101E39280E0028D8F2 /* Custom Table Cells */ = {
			isa = PBXGroup;
			children = (
				BE2D581B1E39EA880028D8F2 /* MyCoolCustomCell.swift */,
				BE2D581C1E39EA880028D8F2 /* MyCoolCustomCell.xib */,
				BE2D58151E39493B0028D8F2 /* MovieCell.swift */,
				BE2D58191E3949900028D8F2 /* MovieCell.xib */,
			);
			name = "Custom Table Cells";
			sourceTree = "<group>";
		};
		BE339ADF1E312192002F29A2 = {
			isa = PBXGroup;
			children = (
				BE339AEA1E312192002F29A2 /* UItableJSONSerialisation */,
				BE339AFF1E312193002F29A2 /* UItableJSONSerialisationTests */,
				BE339B0A1E312193002F29A2 /* UItableJSONSerialisationUITests */,
				BE339AE91E312192002F29A2 /* Products */,
				6DC657ED2F4577E744DB1B79 /* Pods */,
				5A91F17572A61C1F438E6DCC /* Frameworks */,
			);
			sourceTree = "<group>";
		};
		BE339AE91E312192002F29A2 /* Products */ = {
			isa = PBXGroup;
			children = (
				BE339AE81E312192002F29A2 /* UItableJSONSerialisation.app */,
				BE339AFC1E312193002F29A2 /* UItableJSONSerialisationTests.xctest */,
				BE339B071E312193002F29A2 /* UItableJSONSerialisationUITests.xctest */,
			);
			name = Products;
			sourceTree = "<group>";
		};
		BE339AEA1E312192002F29A2 /* UItableJSONSerialisation */ = {
			isa = PBXGroup;
			children = (
				BE2D58101E39280E0028D8F2 /* Custom Table Cells */,
				BECB993E1E33930900D600B9 /* OMDBConstants.swift */,
				BECB993C1E3392C500D600B9 /* Enums.swift */,
				BE339B1D1E31229D002F29A2 /* DataLayer */,
				BE339AEB1E312192002F29A2 /* AppDelegate.swift */,
				BE339B191E3121ED002F29A2 /* OMBDListTableViewController.swift */,
				BE339AEF1E312193002F29A2 /* Main.storyboard */,
				BE339AF21E312193002F29A2 /* Assets.xcassets */,
				BE339AF41E312193002F29A2 /* LaunchScreen.storyboard */,
				BE339AF71E312193002F29A2 /* Info.plist */,
			);
			path = UItableJSONSerialisation;
			sourceTree = "<group>";
		};
		BE339AFF1E312193002F29A2 /* UItableJSONSerialisationTests */ = {
			isa = PBXGroup;
			children = (
				BE339B001E312193002F29A2 /* UItableJSONSerialisationTests.swift */,
				BE339B021E312193002F29A2 /* Info.plist */,
			);
			path = UItableJSONSerialisationTests;
			sourceTree = "<group>";
		};
		BE339B0A1E312193002F29A2 /* UItableJSONSerialisationUITests */ = {
			isa = PBXGroup;
			children = (
				BE339B0B1E312193002F29A2 /* UItableJSONSerialisationUITests.swift */,
				BE339B0D1E312193002F29A2 /* Info.plist */,
			);
			path = UItableJSONSerialisationUITests;
			sourceTree = "<group>";
		};
		BE339B1D1E31229D002F29A2 /* DataLayer */ = {
			isa = PBXGroup;
			children = (
				BE168E0C1E37BF6500BFF6D2 /* Json4Swift_Base.swift */,
				BE168E0D1E37BF6500BFF6D2 /* Search.swift */,
				BEAA4B2D1E37949500162AAB /* NSURLRequest */,
				BECB99441E33939B00D600B9 /* RequestResult.swift */,
				BECB993A1E33928500D600B9 /* OMDBSearchService.swift */,
			);
			name = DataLayer;
			sourceTree = "<group>";
		};
		BEAA4B2D1E37949500162AAB /* NSURLRequest */ = {
			isa = PBXGroup;
			children = (
				BECB99401E33939300D600B9 /* APIServiceManager.swift */,
				BECB99411E33939300D600B9 /* Manager.swift */,
			);
			name = NSURLRequest;
			sourceTree = "<group>";
		};
/* End PBXGroup section */

/* Begin PBXNativeTarget section */
		BE339AE71E312192002F29A2 /* UItableJSONSerialisation */ = {
			isa = PBXNativeTarget;
			buildConfigurationList = BE339B101E312193002F29A2 /* Build configuration list for PBXNativeTarget "UItableJSONSerialisation" */;
			buildPhases = (
				659579C9D14C32379DB7005A /* [CP] Check Pods Manifest.lock */,
				BE339AE41E312192002F29A2 /* Sources */,
				BE339AE51E312192002F29A2 /* Frameworks */,
				BE339AE61E312192002F29A2 /* Resources */,
				36B80DDABCFC174812BDAC3A /* [CP] Embed Pods Frameworks */,
				1CD4EAF2680214F5DBABEA03 /* [CP] Copy Pods Resources */,
			);
			buildRules = (
			);
			dependencies = (
			);
			name = UItableJSONSerialisation;
			productName = UItableJSONSerialisation;
			productReference = BE339AE81E312192002F29A2 /* UItableJSONSerialisation.app */;
			productType = "com.apple.product-type.application";
		};
		BE339AFB1E312193002F29A2 /* UItableJSONSerialisationTests */ = {
			isa = PBXNativeTarget;
			buildConfigurationList = BE339B131E312193002F29A2 /* Build configuration list for PBXNativeTarget "UItableJSONSerialisationTests" */;
			buildPhases = (
				C49A458EF07207FAF426152F /* [CP] Check Pods Manifest.lock */,
				BE339AF81E312193002F29A2 /* Sources */,
				BE339AF91E312193002F29A2 /* Frameworks */,
				BE339AFA1E312193002F29A2 /* Resources */,
				DFB09AA7D5349653DA4AE2BC /* [CP] Embed Pods Frameworks */,
				B5433DC5F3975AA7D7BCC368 /* [CP] Copy Pods Resources */,
			);
			buildRules = (
			);
			dependencies = (
				BE339AFE1E312193002F29A2 /* PBXTargetDependency */,
			);
			name = UItableJSONSerialisationTests;
			productName = UItableJSONSerialisationTests;
			productReference = BE339AFC1E312193002F29A2 /* UItableJSONSerialisationTests.xctest */;
			productType = "com.apple.product-type.bundle.unit-test";
		};
		BE339B061E312193002F29A2 /* UItableJSONSerialisationUITests */ = {
			isa = PBXNativeTarget;
			buildConfigurationList = BE339B161E312193002F29A2 /* Build configuration list for PBXNativeTarget "UItableJSONSerialisationUITests" */;
			buildPhases = (
				F9590A7737580F95F6CF971E /* [CP] Check Pods Manifest.lock */,
				BE339B031E312193002F29A2 /* Sources */,
				BE339B041E312193002F29A2 /* Frameworks */,
				BE339B051E312193002F29A2 /* Resources */,
				F6A15A74ABC5BDF0417D4A44 /* [CP] Embed Pods Frameworks */,
				9B15DCB532011C1A518E24A2 /* [CP] Copy Pods Resources */,
			);
			buildRules = (
			);
			dependencies = (
				BE339B091E312193002F29A2 /* PBXTargetDependency */,
			);
			name = UItableJSONSerialisationUITests;
			productName = UItableJSONSerialisationUITests;
			productReference = BE339B071E312193002F29A2 /* UItableJSONSerialisationUITests.xctest */;
			productType = "com.apple.product-type.bundle.ui-testing";
		};
/* End PBXNativeTarget section */

/* Begin PBXProject section */
		BE339AE01E312192002F29A2 /* Project object */ = {
			isa = PBXProject;
			attributes = {
				LastSwiftUpdateCheck = 0800;
				LastUpgradeCheck = 0800;
				ORGANIZATIONNAME = "Ben Smith";
				TargetAttributes = {
					BE339AE71E312192002F29A2 = {
						CreatedOnToolsVersion = 8.0;
						ProvisioningStyle = Automatic;
					};
					BE339AFB1E312193002F29A2 = {
						CreatedOnToolsVersion = 8.0;
						ProvisioningStyle = Automatic;
						TestTargetID = BE339AE71E312192002F29A2;
					};
					BE339B061E312193002F29A2 = {
						CreatedOnToolsVersion = 8.0;
						ProvisioningStyle = Automatic;
						TestTargetID = BE339AE71E312192002F29A2;
					};
				};
			};
			buildConfigurationList = BE339AE31E312192002F29A2 /* Build configuration list for PBXProject "UItableJSONSerialisation" */;
			compatibilityVersion = "Xcode 3.2";
			developmentRegion = English;
			hasScannedForEncodings = 0;
			knownRegions = (
				en,
				Base,
			);
			mainGroup = BE339ADF1E312192002F29A2;
			productRefGroup = BE339AE91E312192002F29A2 /* Products */;
			projectDirPath = "";
			projectRoot = "";
			targets = (
				BE339AE71E312192002F29A2 /* UItableJSONSerialisation */,
				BE339AFB1E312193002F29A2 /* UItableJSONSerialisationTests */,
				BE339B061E312193002F29A2 /* UItableJSONSerialisationUITests */,
			);
		};
/* End PBXProject section */

/* Begin PBXResourcesBuildPhase section */
		BE339AE61E312192002F29A2 /* Resources */ = {
			isa = PBXResourcesBuildPhase;
			buildActionMask = 2147483647;
			files = (
				BE339AF61E312193002F29A2 /* LaunchScreen.storyboard in Resources */,
				BE2D581E1E39EA880028D8F2 /* MyCoolCustomCell.xib in Resources */,
				BE339AF31E312193002F29A2 /* Assets.xcassets in Resources */,
				BE2D581A1E3949900028D8F2 /* MovieCell.xib in Resources */,
				BE339AF11E312193002F29A2 /* Main.storyboard in Resources */,
			);
			runOnlyForDeploymentPostprocessing = 0;
		};
		BE339AFA1E312193002F29A2 /* Resources */ = {
			isa = PBXResourcesBuildPhase;
			buildActionMask = 2147483647;
			files = (
			);
			runOnlyForDeploymentPostprocessing = 0;
		};
		BE339B051E312193002F29A2 /* Resources */ = {
			isa = PBXResourcesBuildPhase;
			buildActionMask = 2147483647;
			files = (
			);
			runOnlyForDeploymentPostprocessing = 0;
		};
/* End PBXResourcesBuildPhase section */

/* Begin PBXShellScriptBuildPhase section */
		1CD4EAF2680214F5DBABEA03 /* [CP] Copy Pods Resources */ = {
			isa = PBXShellScriptBuildPhase;
			buildActionMask = 2147483647;
			files = (
			);
			inputPaths = (
			);
			name = "[CP] Copy Pods Resources";
			outputPaths = (
			);
			runOnlyForDeploymentPostprocessing = 0;
			shellPath = /bin/sh;
			shellScript = "\"${SRCROOT}/Pods/Target Support Files/Pods-UItableJSONSerialisation/Pods-UItableJSONSerialisation-resources.sh\"\n";
			showEnvVarsInLog = 0;
		};
		36B80DDABCFC174812BDAC3A /* [CP] Embed Pods Frameworks */ = {
			isa = PBXShellScriptBuildPhase;
			buildActionMask = 2147483647;
			files = (
			);
			inputPaths = (
			);
			name = "[CP] Embed Pods Frameworks";
			outputPaths = (
			);
			runOnlyForDeploymentPostprocessing = 0;
			shellPath = /bin/sh;
			shellScript = "\"${SRCROOT}/Pods/Target Support Files/Pods-UItableJSONSerialisation/Pods-UItableJSONSerialisation-frameworks.sh\"\n";
			showEnvVarsInLog = 0;
		};
		659579C9D14C32379DB7005A /* [CP] Check Pods Manifest.lock */ = {
			isa = PBXShellScriptBuildPhase;
			buildActionMask = 2147483647;
			files = (
			);
			inputPaths = (
			);
			name = "[CP] Check Pods Manifest.lock";
			outputPaths = (
			);
			runOnlyForDeploymentPostprocessing = 0;
			shellPath = /bin/sh;
			shellScript = "diff \"${PODS_ROOT}/../Podfile.lock\" \"${PODS_ROOT}/Manifest.lock\" > /dev/null\nif [ $? != 0 ] ; then\n    # print error to STDERR\n    echo \"error: The sandbox is not in sync with the Podfile.lock. Run 'pod install' or update your CocoaPods installation.\" >&2\n    exit 1\nfi\n";
			showEnvVarsInLog = 0;
		};
		9B15DCB532011C1A518E24A2 /* [CP] Copy Pods Resources */ = {
			isa = PBXShellScriptBuildPhase;
			buildActionMask = 2147483647;
			files = (
			);
			inputPaths = (
			);
			name = "[CP] Copy Pods Resources";
			outputPaths = (
			);
			runOnlyForDeploymentPostprocessing = 0;
			shellPath = /bin/sh;
			shellScript = "\"${SRCROOT}/Pods/Target Support Files/Pods-UItableJSONSerialisationUITests/Pods-UItableJSONSerialisationUITests-resources.sh\"\n";
			showEnvVarsInLog = 0;
		};
		B5433DC5F3975AA7D7BCC368 /* [CP] Copy Pods Resources */ = {
			isa = PBXShellScriptBuildPhase;
			buildActionMask = 2147483647;
			files = (
			);
			inputPaths = (
			);
			name = "[CP] Copy Pods Resources";
			outputPaths = (
			);
			runOnlyForDeploymentPostprocessing = 0;
			shellPath = /bin/sh;
			shellScript = "\"${SRCROOT}/Pods/Target Support Files/Pods-UItableJSONSerialisationTests/Pods-UItableJSONSerialisationTests-resources.sh\"\n";
			showEnvVarsInLog = 0;
		};
		C49A458EF07207FAF426152F /* [CP] Check Pods Manifest.lock */ = {
			isa = PBXShellScriptBuildPhase;
			buildActionMask = 2147483647;
			files = (
			);
			inputPaths = (
			);
			name = "[CP] Check Pods Manifest.lock";
			outputPaths = (
			);
			runOnlyForDeploymentPostprocessing = 0;
			shellPath = /bin/sh;
			shellScript = "diff \"${PODS_ROOT}/../Podfile.lock\" \"${PODS_ROOT}/Manifest.lock\" > /dev/null\nif [ $? != 0 ] ; then\n    # print error to STDERR\n    echo \"error: The sandbox is not in sync with the Podfile.lock. Run 'pod install' or update your CocoaPods installation.\" >&2\n    exit 1\nfi\n";
			showEnvVarsInLog = 0;
		};
		DFB09AA7D5349653DA4AE2BC /* [CP] Embed Pods Frameworks */ = {
			isa = PBXShellScriptBuildPhase;
			buildActionMask = 2147483647;
			files = (
			);
			inputPaths = (
			);
			name = "[CP] Embed Pods Frameworks";
			outputPaths = (
			);
			runOnlyForDeploymentPostprocessing = 0;
			shellPath = /bin/sh;
			shellScript = "\"${SRCROOT}/Pods/Target Support Files/Pods-UItableJSONSerialisationTests/Pods-UItableJSONSerialisationTests-frameworks.sh\"\n";
			showEnvVarsInLog = 0;
		};
		F6A15A74ABC5BDF0417D4A44 /* [CP] Embed Pods Frameworks */ = {
			isa = PBXShellScriptBuildPhase;
			buildActionMask = 2147483647;
			files = (
			);
			inputPaths = (
			);
			name = "[CP] Embed Pods Frameworks";
			outputPaths = (
			);
			runOnlyForDeploymentPostprocessing = 0;
			shellPath = /bin/sh;
			shellScript = "\"${SRCROOT}/Pods/Target Support Files/Pods-UItableJSONSerialisationUITests/Pods-UItableJSONSerialisationUITests-frameworks.sh\"\n";
			showEnvVarsInLog = 0;
		};
		F9590A7737580F95F6CF971E /* [CP] Check Pods Manifest.lock */ = {
			isa = PBXShellScriptBuildPhase;
			buildActionMask = 2147483647;
			files = (
			);
			inputPaths = (
			);
			name = "[CP] Check Pods Manifest.lock";
			outputPaths = (
			);
			runOnlyForDeploymentPostprocessing = 0;
			shellPath = /bin/sh;
			shellScript = "diff \"${PODS_ROOT}/../Podfile.lock\" \"${PODS_ROOT}/Manifest.lock\" > /dev/null\nif [ $? != 0 ] ; then\n    # print error to STDERR\n    echo \"error: The sandbox is not in sync with the Podfile.lock. Run 'pod install' or update your CocoaPods installation.\" >&2\n    exit 1\nfi\n";
			showEnvVarsInLog = 0;
		};
/* End PBXShellScriptBuildPhase section */

/* Begin PBXSourcesBuildPhase section */
		BE339AE41E312192002F29A2 /* Sources */ = {
			isa = PBXSourcesBuildPhase;
			buildActionMask = 2147483647;
			files = (
				BE168E0F1E37BF6500BFF6D2 /* Search.swift in Sources */,
				BECB99451E33939B00D600B9 /* RequestResult.swift in Sources */,
				BECB99421E33939300D600B9 /* APIServiceManager.swift in Sources */,
				BE168E0E1E37BF6500BFF6D2 /* Json4Swift_Base.swift in Sources */,
				BE339B1A1E3121ED002F29A2 /* OMBDListTableViewController.swift in Sources */,
				BE339AEC1E312192002F29A2 /* AppDelegate.swift in Sources */,
				BECB993D1E3392C500D600B9 /* Enums.swift in Sources */,
				BECB993B1E33928500D600B9 /* OMDBSearchService.swift in Sources */,
				BECB99431E33939300D600B9 /* Manager.swift in Sources */,
				BE2D58171E39493B0028D8F2 /* MovieCell.swift in Sources */,
				BECB993F1E33930900D600B9 /* OMDBConstants.swift in Sources */,
				BE2D581D1E39EA880028D8F2 /* MyCoolCustomCell.swift in Sources */,
			);
			runOnlyForDeploymentPostprocessing = 0;
		};
		BE339AF81E312193002F29A2 /* Sources */ = {
			isa = PBXSourcesBuildPhase;
			buildActionMask = 2147483647;
			files = (
				BE339B011E312193002F29A2 /* UItableJSONSerialisationTests.swift in Sources */,
			);
			runOnlyForDeploymentPostprocessing = 0;
		};
		BE339B031E312193002F29A2 /* Sources */ = {
			isa = PBXSourcesBuildPhase;
			buildActionMask = 2147483647;
			files = (
				BE339B0C1E312193002F29A2 /* UItableJSONSerialisationUITests.swift in Sources */,
			);
			runOnlyForDeploymentPostprocessing = 0;
		};
/* End PBXSourcesBuildPhase section */

/* Begin PBXTargetDependency section */
		BE339AFE1E312193002F29A2 /* PBXTargetDependency */ = {
			isa = PBXTargetDependency;
			target = BE339AE71E312192002F29A2 /* UItableJSONSerialisation */;
			targetProxy = BE339AFD1E312193002F29A2 /* PBXContainerItemProxy */;
		};
		BE339B091E312193002F29A2 /* PBXTargetDependency */ = {
			isa = PBXTargetDependency;
			target = BE339AE71E312192002F29A2 /* UItableJSONSerialisation */;
			targetProxy = BE339B081E312193002F29A2 /* PBXContainerItemProxy */;
		};
/* End PBXTargetDependency section */

/* Begin PBXVariantGroup section */
		BE339AEF1E312193002F29A2 /* Main.storyboard */ = {
			isa = PBXVariantGroup;
			children = (
				BE339AF01E312193002F29A2 /* Base */,
			);
			name = Main.storyboard;
			sourceTree = "<group>";
		};
		BE339AF41E312193002F29A2 /* LaunchScreen.storyboard */ = {
			isa = PBXVariantGroup;
			children = (
				BE339AF51E312193002F29A2 /* Base */,
			);
			name = LaunchScreen.storyboard;
			sourceTree = "<group>";
		};
/* End PBXVariantGroup section */

/* Begin XCBuildConfiguration section */
		BE339B0E1E312193002F29A2 /* Debug */ = {
			isa = XCBuildConfiguration;
			buildSettings = {
				ALWAYS_SEARCH_USER_PATHS = NO;
				CLANG_ANALYZER_NONNULL = YES;
				CLANG_CXX_LANGUAGE_STANDARD = "gnu++0x";
				CLANG_CXX_LIBRARY = "libc++";
				CLANG_ENABLE_MODULES = YES;
				CLANG_ENABLE_OBJC_ARC = YES;
				CLANG_WARN_BOOL_CONVERSION = YES;
				CLANG_WARN_CONSTANT_CONVERSION = YES;
				CLANG_WARN_DIRECT_OBJC_ISA_USAGE = YES_ERROR;
				CLANG_WARN_DOCUMENTATION_COMMENTS = YES;
				CLANG_WARN_EMPTY_BODY = YES;
				CLANG_WARN_ENUM_CONVERSION = YES;
				CLANG_WARN_INFINITE_RECURSION = YES;
				CLANG_WARN_INT_CONVERSION = YES;
				CLANG_WARN_OBJC_ROOT_CLASS = YES_ERROR;
				CLANG_WARN_SUSPICIOUS_MOVES = YES;
				CLANG_WARN_UNREACHABLE_CODE = YES;
				CLANG_WARN__DUPLICATE_METHOD_MATCH = YES;
				"CODE_SIGN_IDENTITY[sdk=iphoneos*]" = "iPhone Developer";
				COPY_PHASE_STRIP = NO;
				DEBUG_INFORMATION_FORMAT = dwarf;
				ENABLE_STRICT_OBJC_MSGSEND = YES;
				ENABLE_TESTABILITY = YES;
				GCC_C_LANGUAGE_STANDARD = gnu99;
				GCC_DYNAMIC_NO_PIC = NO;
				GCC_NO_COMMON_BLOCKS = YES;
				GCC_OPTIMIZATION_LEVEL = 0;
				GCC_PREPROCESSOR_DEFINITIONS = (
					"DEBUG=1",
					"$(inherited)",
				);
				GCC_WARN_64_TO_32_BIT_CONVERSION = YES;
				GCC_WARN_ABOUT_RETURN_TYPE = YES_ERROR;
				GCC_WARN_UNDECLARED_SELECTOR = YES;
				GCC_WARN_UNINITIALIZED_AUTOS = YES_AGGRESSIVE;
				GCC_WARN_UNUSED_FUNCTION = YES;
				GCC_WARN_UNUSED_VARIABLE = YES;
				IPHONEOS_DEPLOYMENT_TARGET = 10.0;
				MTL_ENABLE_DEBUG_INFO = YES;
				ONLY_ACTIVE_ARCH = YES;
				SDKROOT = iphoneos;
				SWIFT_ACTIVE_COMPILATION_CONDITIONS = DEBUG;
				SWIFT_OPTIMIZATION_LEVEL = "-Onone";
				TARGETED_DEVICE_FAMILY = "1,2";
			};
			name = Debug;
		};
		BE339B0F1E312193002F29A2 /* Release */ = {
			isa = XCBuildConfiguration;
			buildSettings = {
				ALWAYS_SEARCH_USER_PATHS = NO;
				CLANG_ANALYZER_NONNULL = YES;
				CLANG_CXX_LANGUAGE_STANDARD = "gnu++0x";
				CLANG_CXX_LIBRARY = "libc++";
				CLANG_ENABLE_MODULES = YES;
				CLANG_ENABLE_OBJC_ARC = YES;
				CLANG_WARN_BOOL_CONVERSION = YES;
				CLANG_WARN_CONSTANT_CONVERSION = YES;
				CLANG_WARN_DIRECT_OBJC_ISA_USAGE = YES_ERROR;
				CLANG_WARN_DOCUMENTATION_COMMENTS = YES;
				CLANG_WARN_EMPTY_BODY = YES;
				CLANG_WARN_ENUM_CONVERSION = YES;
				CLANG_WARN_INFINITE_RECURSION = YES;
				CLANG_WARN_INT_CONVERSION = YES;
				CLANG_WARN_OBJC_ROOT_CLASS = YES_ERROR;
				CLANG_WARN_SUSPICIOUS_MOVES = YES;
				CLANG_WARN_UNREACHABLE_CODE = YES;
				CLANG_WARN__DUPLICATE_METHOD_MATCH = YES;
				"CODE_SIGN_IDENTITY[sdk=iphoneos*]" = "iPhone Developer";
				COPY_PHASE_STRIP = NO;
				DEBUG_INFORMATION_FORMAT = "dwarf-with-dsym";
				ENABLE_NS_ASSERTIONS = NO;
				ENABLE_STRICT_OBJC_MSGSEND = YES;
				GCC_C_LANGUAGE_STANDARD = gnu99;
				GCC_NO_COMMON_BLOCKS = YES;
				GCC_WARN_64_TO_32_BIT_CONVERSION = YES;
				GCC_WARN_ABOUT_RETURN_TYPE = YES_ERROR;
				GCC_WARN_UNDECLARED_SELECTOR = YES;
				GCC_WARN_UNINITIALIZED_AUTOS = YES_AGGRESSIVE;
				GCC_WARN_UNUSED_FUNCTION = YES;
				GCC_WARN_UNUSED_VARIABLE = YES;
				IPHONEOS_DEPLOYMENT_TARGET = 10.0;
				MTL_ENABLE_DEBUG_INFO = NO;
				SDKROOT = iphoneos;
				SWIFT_OPTIMIZATION_LEVEL = "-Owholemodule";
				TARGETED_DEVICE_FAMILY = "1,2";
				VALIDATE_PRODUCT = YES;
			};
			name = Release;
		};
		BE339B111E312193002F29A2 /* Debug */ = {
			isa = XCBuildConfiguration;
			baseConfigurationReference = 637FA6F181B21891D98F4F54 /* Pods-UItableJSONSerialisation.debug.xcconfig */;
			buildSettings = {
				ASSETCATALOG_COMPILER_APPICON_NAME = AppIcon;
				INFOPLIST_FILE = UItableJSONSerialisation/Info.plist;
				LD_RUNPATH_SEARCH_PATHS = "$(inherited) @executable_path/Frameworks";
				PRODUCT_BUNDLE_IDENTIFIER = test.UItableJSONSerialisation;
				PRODUCT_NAME = "$(TARGET_NAME)";
				SWIFT_VERSION = 3.0;
			};
			name = Debug;
		};
		BE339B121E312193002F29A2 /* Release */ = {
			isa = XCBuildConfiguration;
			baseConfigurationReference = A9B996C8F7FF5E0C72951DAE /* Pods-UItableJSONSerialisation.release.xcconfig */;
			buildSettings = {
				ASSETCATALOG_COMPILER_APPICON_NAME = AppIcon;
				INFOPLIST_FILE = UItableJSONSerialisation/Info.plist;
				LD_RUNPATH_SEARCH_PATHS = "$(inherited) @executable_path/Frameworks";
				PRODUCT_BUNDLE_IDENTIFIER = test.UItableJSONSerialisation;
				PRODUCT_NAME = "$(TARGET_NAME)";
				SWIFT_VERSION = 3.0;
			};
			name = Release;
		};
		BE339B141E312193002F29A2 /* Debug */ = {
			isa = XCBuildConfiguration;
			baseConfigurationReference = 00147CCF090FAEF60FB19B47 /* Pods-UItableJSONSerialisationTests.debug.xcconfig */;
			buildSettings = {
				ALWAYS_EMBED_SWIFT_STANDARD_LIBRARIES = YES;
				BUNDLE_LOADER = "$(TEST_HOST)";
				INFOPLIST_FILE = UItableJSONSerialisationTests/Info.plist;
				LD_RUNPATH_SEARCH_PATHS = "$(inherited) @executable_path/Frameworks @loader_path/Frameworks";
				PRODUCT_BUNDLE_IDENTIFIER = test.UItableJSONSerialisationTests;
				PRODUCT_NAME = "$(TARGET_NAME)";
				SWIFT_VERSION = 3.0;
				TEST_HOST = "$(BUILT_PRODUCTS_DIR)/UItableJSONSerialisation.app/UItableJSONSerialisation";
			};
			name = Debug;
		};
		BE339B151E312193002F29A2 /* Release */ = {
			isa = XCBuildConfiguration;
			baseConfigurationReference = AD443EE5D5C2600134498B21 /* Pods-UItableJSONSerialisationTests.release.xcconfig */;
			buildSettings = {
				ALWAYS_EMBED_SWIFT_STANDARD_LIBRARIES = YES;
				BUNDLE_LOADER = "$(TEST_HOST)";
				INFOPLIST_FILE = UItableJSONSerialisationTests/Info.plist;
				LD_RUNPATH_SEARCH_PATHS = "$(inherited) @executable_path/Frameworks @loader_path/Frameworks";
				PRODUCT_BUNDLE_IDENTIFIER = test.UItableJSONSerialisationTests;
				PRODUCT_NAME = "$(TARGET_NAME)";
				SWIFT_VERSION = 3.0;
				TEST_HOST = "$(BUILT_PRODUCTS_DIR)/UItableJSONSerialisation.app/UItableJSONSerialisation";
			};
			name = Release;
		};
		BE339B171E312193002F29A2 /* Debug */ = {
			isa = XCBuildConfiguration;
			baseConfigurationReference = DD8308FDBB4ADA4ACD07274C /* Pods-UItableJSONSerialisationUITests.debug.xcconfig */;
			buildSettings = {
				ALWAYS_EMBED_SWIFT_STANDARD_LIBRARIES = YES;
				INFOPLIST_FILE = UItableJSONSerialisationUITests/Info.plist;
				LD_RUNPATH_SEARCH_PATHS = "$(inherited) @executable_path/Frameworks @loader_path/Frameworks";
				PRODUCT_BUNDLE_IDENTIFIER = test.UItableJSONSerialisationUITests;
				PRODUCT_NAME = "$(TARGET_NAME)";
				SWIFT_VERSION = 3.0;
				TEST_TARGET_NAME = UItableJSONSerialisation;
			};
			name = Debug;
		};
		BE339B181E312193002F29A2 /* Release */ = {
			isa = XCBuildConfiguration;
			baseConfigurationReference = 5970FEE2E8AC342F0E7E38E6 /* Pods-UItableJSONSerialisationUITests.release.xcconfig */;
			buildSettings = {
				ALWAYS_EMBED_SWIFT_STANDARD_LIBRARIES = YES;
				INFOPLIST_FILE = UItableJSONSerialisationUITests/Info.plist;
				LD_RUNPATH_SEARCH_PATHS = "$(inherited) @executable_path/Frameworks @loader_path/Frameworks";
				PRODUCT_BUNDLE_IDENTIFIER = test.UItableJSONSerialisationUITests;
				PRODUCT_NAME = "$(TARGET_NAME)";
				SWIFT_VERSION = 3.0;
				TEST_TARGET_NAME = UItableJSONSerialisation;
			};
			name = Release;
		};
/* End XCBuildConfiguration section */

/* Begin XCConfigurationList section */
		BE339AE31E312192002F29A2 /* Build configuration list for PBXProject "UItableJSONSerialisation" */ = {
			isa = XCConfigurationList;
			buildConfigurations = (
				BE339B0E1E312193002F29A2 /* Debug */,
				BE339B0F1E312193002F29A2 /* Release */,
			);
			defaultConfigurationIsVisible = 0;
			defaultConfigurationName = Release;
		};
		BE339B101E312193002F29A2 /* Build configuration list for PBXNativeTarget "UItableJSONSerialisation" */ = {
			isa = XCConfigurationList;
			buildConfigurations = (
				BE339B111E312193002F29A2 /* Debug */,
				BE339B121E312193002F29A2 /* Release */,
			);
			defaultConfigurationIsVisible = 0;
			defaultConfigurationName = Release;
		};
		BE339B131E312193002F29A2 /* Build configuration list for PBXNativeTarget "UItableJSONSerialisationTests" */ = {
			isa = XCConfigurationList;
			buildConfigurations = (
				BE339B141E312193002F29A2 /* Debug */,
				BE339B151E312193002F29A2 /* Release */,
			);
			defaultConfigurationIsVisible = 0;
			defaultConfigurationName = Release;
		};
		BE339B161E312193002F29A2 /* Build configuration list for PBXNativeTarget "UItableJSONSerialisationUITests" */ = {
			isa = XCConfigurationList;
			buildConfigurations = (
				BE339B171E312193002F29A2 /* Debug */,
				BE339B181E312193002F29A2 /* Release */,
			);
			defaultConfigurationIsVisible = 0;
			defaultConfigurationName = Release;
		};
/* End XCConfigurationList section */
	};
	rootObject = BE339AE01E312192002F29A2 /* Project object */;
}
